# generated by rye
# use `rye lock` or `rye sync` to update this lockfile
#
# last locked with the following flags:
#   pre: false
#   features: []
#   all-features: false
#   with-sources: false
#   generate-hashes: false
#   universal: false

-e file:.
aiohappyeyeballs==2.6.1
    # via aiohttp
aiohttp==3.11.18
    # via ctf
aiosignal==1.3.2
    # via aiohttp
attrs==25.3.0
    # via aiohttp
certifi==2025.4.26
    # via requests
charset-normalizer==3.4.2
    # via requests
frozenlist==1.6.0
    # via aiohttp
    # via aiosignal
idna==3.10
    # via requests
    # via yarl
multidict==6.4.3
    # via aiohttp
    # via yarl
propcache==0.3.1
    # via aiohttp
    # via yarl
requests==2.32.3
    # via ctf
urllib3==2.4.0
    # via requests
yarl==1.20.0
    # via aiohttp
